
Microsoft Visual Studio Solution File, Format Version 12.00
# Visual Studio Version 17
VisualStudioVersion = 17.12.35527.113
MinimumVisualStudioVersion = 10.0.40219.1
Project("{FAE04EC0-301F-11D3-BF4B-00C04F79EFBC}") = "BookRecommendationSystem.WebApi", "BookRecommendationSystem.WebApi\BookRecommendationSystem.WebApi.csproj", "{1C1A2BAB-C812-45BA-80A2-880667886585}"
EndProject
Project("{FAE04EC0-301F-11D3-BF4B-00C04F79EFBC}") = "BookRecommendationSystem.Application", "BookRecommendationSystem.Application\BookRecommendationSystem.Application.csproj", "{C2DE597B-B3BC-4ED0-99C4-931B5970C7AB}"
EndProject
Project("{FAE04EC0-301F-11D3-BF4B-00C04F79EFBC}") = "BookRecommendationSystem.Domain", "BookRecommendationSystem.Domain\BookRecommendationSystem.Domain.csproj", "{F870A234-07FD-4EE2-A957-B9CD3AE4EB58}"
EndProject
Project("{FAE04EC0-301F-11D3-BF4B-00C04F79EFBC}") = "BookRecommendationSystem.Infrastructure", "BookRecommendationSystem.Infrastructure\BookRecommendationSystem.Infrastructure.csproj", "{C50C2593-BE95-4BD1-B8D4-888F441C47C3}"
EndProject
Project("{FAE04EC0-301F-11D3-BF4B-00C04F79EFBC}") = "BookRecommendationSystem.Blazor", "BookRecommendationSystem.Blazor\BookRecommendationSystem.Blazor.csproj", "{8975CF6C-96F0-4A8A-80D9-B0449483D4EE}"
EndProject
Project("{2150E333-8FDC-42A3-9474-1A3956D46DE8}") = "src", "src", "{1F479FC1-3697-427B-965E-412B5DB4BF93}"
EndProject
Project("{2150E333-8FDC-42A3-9474-1A3956D46DE8}") = "tests", "tests", "{D7A53306-214F-4C87-A225-1622A821FDBA}"
EndProject
Project("{FAE04EC0-301F-11D3-BF4B-00C04F79EFBC}") = "FunctionalTests", "FunctionalTests\FunctionalTests.csproj", "{402B0CA3-339D-489F-9ACA-C72016453B81}"
EndProject
Project("{FAE04EC0-301F-11D3-BF4B-00C04F79EFBC}") = "IntegrationTests", "IntegrationTests\IntegrationTests.csproj", "{58D4A060-7748-4683-95FE-D96E110FD7FC}"
EndProject
Project("{FAE04EC0-301F-11D3-BF4B-00C04F79EFBC}") = "UnitTests", "UnitTests\UnitTests.csproj", "{14724794-F6FB-4944-8C20-E8CC4DE7BC2C}"
EndProject
Global
	GlobalSection(SolutionConfigurationPlatforms) = preSolution
		Debug|Any CPU = Debug|Any CPU
		Release|Any CPU = Release|Any CPU
	EndGlobalSection
	GlobalSection(ProjectConfigurationPlatforms) = postSolution
		{1C1A2BAB-C812-45BA-80A2-880667886585}.Debug|Any CPU.ActiveCfg = Debug|Any CPU
		{1C1A2BAB-C812-45BA-80A2-880667886585}.Debug|Any CPU.Build.0 = Debug|Any CPU
		{1C1A2BAB-C812-45BA-80A2-880667886585}.Release|Any CPU.ActiveCfg = Release|Any CPU
		{1C1A2BAB-C812-45BA-80A2-880667886585}.Release|Any CPU.Build.0 = Release|Any CPU
		{C2DE597B-B3BC-4ED0-99C4-931B5970C7AB}.Debug|Any CPU.ActiveCfg = Debug|Any CPU
		{C2DE597B-B3BC-4ED0-99C4-931B5970C7AB}.Debug|Any CPU.Build.0 = Debug|Any CPU
		{C2DE597B-B3BC-4ED0-99C4-931B5970C7AB}.Release|Any CPU.ActiveCfg = Release|Any CPU
		{C2DE597B-B3BC-4ED0-99C4-931B5970C7AB}.Release|Any CPU.Build.0 = Release|Any CPU
		{F870A234-07FD-4EE2-A957-B9CD3AE4EB58}.Debug|Any CPU.ActiveCfg = Debug|Any CPU
		{F870A234-07FD-4EE2-A957-B9CD3AE4EB58}.Debug|Any CPU.Build.0 = Debug|Any CPU
		{F870A234-07FD-4EE2-A957-B9CD3AE4EB58}.Release|Any CPU.ActiveCfg = Release|Any CPU
		{F870A234-07FD-4EE2-A957-B9CD3AE4EB58}.Release|Any CPU.Build.0 = Release|Any CPU
		{C50C2593-BE95-4BD1-B8D4-888F441C47C3}.Debug|Any CPU.ActiveCfg = Debug|Any CPU
		{C50C2593-BE95-4BD1-B8D4-888F441C47C3}.Debug|Any CPU.Build.0 = Debug|Any CPU
		{C50C2593-BE95-4BD1-B8D4-888F441C47C3}.Release|Any CPU.ActiveCfg = Release|Any CPU
		{C50C2593-BE95-4BD1-B8D4-888F441C47C3}.Release|Any CPU.Build.0 = Release|Any CPU
		{8975CF6C-96F0-4A8A-80D9-B0449483D4EE}.Debug|Any CPU.ActiveCfg = Debug|Any CPU
		{8975CF6C-96F0-4A8A-80D9-B0449483D4EE}.Debug|Any CPU.Build.0 = Debug|Any CPU
		{8975CF6C-96F0-4A8A-80D9-B0449483D4EE}.Release|Any CPU.ActiveCfg = Release|Any CPU
		{8975CF6C-96F0-4A8A-80D9-B0449483D4EE}.Release|Any CPU.Build.0 = Release|Any CPU
		{402B0CA3-339D-489F-9ACA-C72016453B81}.Debug|Any CPU.ActiveCfg = Debug|Any CPU
		{402B0CA3-339D-489F-9ACA-C72016453B81}.Debug|Any CPU.Build.0 = Debug|Any CPU
		{402B0CA3-339D-489F-9ACA-C72016453B81}.Release|Any CPU.ActiveCfg = Release|Any CPU
		{402B0CA3-339D-489F-9ACA-C72016453B81}.Release|Any CPU.Build.0 = Release|Any CPU
		{58D4A060-7748-4683-95FE-D96E110FD7FC}.Debug|Any CPU.ActiveCfg = Debug|Any CPU
		{58D4A060-7748-4683-95FE-D96E110FD7FC}.Debug|Any CPU.Build.0 = Debug|Any CPU
		{58D4A060-7748-4683-95FE-D96E110FD7FC}.Release|Any CPU.ActiveCfg = Release|Any CPU
		{58D4A060-7748-4683-95FE-D96E110FD7FC}.Release|Any CPU.Build.0 = Release|Any CPU
		{14724794-F6FB-4944-8C20-E8CC4DE7BC2C}.Debug|Any CPU.ActiveCfg = Debug|Any CPU
		{14724794-F6FB-4944-8C20-E8CC4DE7BC2C}.Debug|Any CPU.Build.0 = Debug|Any CPU
		{14724794-F6FB-4944-8C20-E8CC4DE7BC2C}.Release|Any CPU.ActiveCfg = Release|Any CPU
		{14724794-F6FB-4944-8C20-E8CC4DE7BC2C}.Release|Any CPU.Build.0 = Release|Any CPU
	EndGlobalSection
	GlobalSection(SolutionProperties) = preSolution
		HideSolutionNode = FALSE
	EndGlobalSection
	GlobalSection(NestedProjects) = preSolution
		{1C1A2BAB-C812-45BA-80A2-880667886585} = {1F479FC1-3697-427B-965E-412B5DB4BF93}
		{C2DE597B-B3BC-4ED0-99C4-931B5970C7AB} = {1F479FC1-3697-427B-965E-412B5DB4BF93}
		{F870A234-07FD-4EE2-A957-B9CD3AE4EB58} = {1F479FC1-3697-427B-965E-412B5DB4BF93}
		{C50C2593-BE95-4BD1-B8D4-888F441C47C3} = {1F479FC1-3697-427B-965E-412B5DB4BF93}
		{8975CF6C-96F0-4A8A-80D9-B0449483D4EE} = {1F479FC1-3697-427B-965E-412B5DB4BF93}
		{402B0CA3-339D-489F-9ACA-C72016453B81} = {D7A53306-214F-4C87-A225-1622A821FDBA}
		{58D4A060-7748-4683-95FE-D96E110FD7FC} = {D7A53306-214F-4C87-A225-1622A821FDBA}
		{14724794-F6FB-4944-8C20-E8CC4DE7BC2C} = {D7A53306-214F-4C87-A225-1622A821FDBA}
	EndGlobalSection
EndGlobal
